
Microsoft Visual Studio Solution File, Format Version 12.00
# Visual Studio Version 16
VisualStudioVersion = 16.0.30621.155
MinimumVisualStudioVersion = 10.0.40219.1
Project("{FAE04EC0-301F-11D3-BF4B-00C04F79EFBC}") = "PrintManagerWinForms", "PrintManagerWinForms\PrintManagerWinForms.csproj", "{E3BC3506-1EBE-4701-9249-C67532797FE4}"
EndProject
Global
	GlobalSection(SolutionConfigurationPlatforms) = preSolution
		Debug|Any CPU = Debug|Any CPU
		Release|Any CPU = Release|Any CPU
	EndGlobalSection
	GlobalSection(ProjectConfigurationPlatforms) = postSolution
		{E3BC3506-1EBE-4701-9249-C67532797FE4}.Debug|Any CPU.ActiveCfg = Debug|Any CPU
		{E3BC3506-1EBE-4701-9249-C67532797FE4}.Debug|Any CPU.Build.0 = Debug|Any CPU
		{E3BC3506-1EBE-4701-9249-C67532797FE4}.Release|Any CPU.ActiveCfg = Release|Any CPU
		{E3BC3506-1EBE-4701-9249-C67532797FE4}.Release|Any CPU.Build.0 = Release|Any CPU
	EndGlobalSection
	GlobalSection(SolutionProperties) = preSolution
		HideSolutionNode = FALSE
	EndGlobalSection
	GlobalSection(ExtensibilityGlobals) = postSolution
		SolutionGuid = {B5ED89B4-860A-42CF-9303-9C4277128080}
	EndGlobalSection
EndGlobal
